
Microsoft Visual Studio Solution File, Format Version 9.00
# Visual Studio 2005
Project("{8BC9CEB8-8B4A-11D0-8D11-00A0C91BC942}") = "ping", "ping_8.vcproj", "{F31BD1B6-EE9D-4F76-A047-F8AEADC26086}"
EndProject
Global
	GlobalSection(SolutionConfigurationPlatforms) = preSolution
		Debug|Win32 = Debug|Win32
		Release|Win32 = Release|Win32
	EndGlobalSection
	GlobalSection(ProjectConfigurationPlatforms) = postSolution
		{F31BD1B6-EE9D-4F76-A047-F8AEADC26086}.Debug|Win32.ActiveCfg = Debug|Win32
		{F31BD1B6-EE9D-4F76-A047-F8AEADC26086}.Debug|Win32.Build.0 = Debug|Win32
		{F31BD1B6-EE9D-4F76-A047-F8AEADC26086}.Release|Win32.ActiveCfg = Release|Win32
		{F31BD1B6-EE9D-4F76-A047-F8AEADC26086}.Release|Win32.Build.0 = Release|Win32
	EndGlobalSection
	GlobalSection(SolutionProperties) = preSolution
		HideSolutionNode = FALSE
	EndGlobalSection
EndGlobal
